// !$*UTF8*$!
{
	archiveVersion = 1;
	classes = {
	};
	objectVersion = 46;
	objects = {

/* Begin PBXBuildFile section */
		044B604F1D5305900050C852 /* main.m in Sources */ = {isa = PBXBuildFile; fileRef = 044B604E1D5305900050C852 /* main.m */; };
		044B60521D5305900050C852 /* AppDelegate.m in Sources */ = {isa = PBXBuildFile; fileRef = 044B60511D5305900050C852 /* AppDelegate.m */; };
		044B60551D5305900050C852 /* ViewController.m in Sources */ = {isa = PBXBuildFile; fileRef = 044B60541D5305900050C852 /* ViewController.m */; };
		044B60581D5305900050C852 /* Main.storyboard in Resources */ = {isa = PBXBuildFile; fileRef = 044B60561D5305900050C852 /* Main.storyboard */; };
		044B605A1D5305900050C852 /* Assets.xcassets in Resources */ = {isa = PBXBuildFile; fileRef = 044B60591D5305900050C852 /* Assets.xcassets */; };
		044B605D1D5305900050C852 /* LaunchScreen.storyboard in Resources */ = {isa = PBXBuildFile; fileRef = 044B605B1D5305900050C852 /* LaunchScreen.storyboard */; };
		044B60681D5305900050C852 /* __Tests.m in Sources */ = {isa = PBXBuildFile; fileRef = 044B60671D5305900050C852 /* __Tests.m */; };
		044B60731D5305900050C852 /* __UITests.m in Sources */ = {isa = PBXBuildFile; fileRef = 044B60721D5305900050C852 /* __UITests.m */; };
		044B60841D5314850050C852 /* 1.png in Resources */ = {isa = PBXBuildFile; fileRef = 044B60801D5314850050C852 /* 1.png */; };
		044B60851D5314850050C852 /* 2.png in Resources */ = {isa = PBXBuildFile; fileRef = 044B60811D5314850050C852 /* 2.png */; };
		044B60861D5314850050C852 /* 3.png in Resources */ = {isa = PBXBuildFile; fileRef = 044B60821D5314850050C852 /* 3.png */; };
		044B60871D5314850050C852 /* 4.png in Resources */ = {isa = PBXBuildFile; fileRef = 044B60831D5314850050C852 /* 4.png */; };
		044B608D1D53338B0050C852 /* 5.png in Resources */ = {isa = PBXBuildFile; fileRef = 044B60881D53338B0050C852 /* 5.png */; };
		044B608E1D53338B0050C852 /* 6.png in Resources */ = {isa = PBXBuildFile; fileRef = 044B60891D53338B0050C852 /* 6.png */; };
		044B608F1D53338B0050C852 /* 7.png in Resources */ = {isa = PBXBuildFile; fileRef = 044B608A1D53338B0050C852 /* 7.png */; };
		044B60901D53338B0050C852 /* 8.png in Resources */ = {isa = PBXBuildFile; fileRef = 044B608B1D53338B0050C852 /* 8.png */; };
		044B60911D53338B0050C852 /* 9.png in Resources */ = {isa = PBXBuildFile; fileRef = 044B608C1D53338B0050C852 /* 9.png */; };
/* End PBXBuildFile section */

/* Begin PBXContainerItemProxy section */
		044B60641D5305900050C852 /* PBXContainerItemProxy */ = {
			isa = PBXContainerItemProxy;
			containerPortal = 044B60421D5305900050C852 /* Project object */;
			proxyType = 1;
			remoteGlobalIDString = 044B60491D5305900050C852;
			remoteInfo = "无讼";
		};
		044B606F1D5305900050C852 /* PBXContainerItemProxy */ = {
			isa = PBXContainerItemProxy;
			containerPortal = 044B60421D5305900050C852 /* Project object */;
			proxyType = 1;
			remoteGlobalIDString = 044B60491D5305900050C852;
			remoteInfo = "无讼";
		};
/* End PBXContainerItemProxy section */

/* Begin PBXFileReference section */
		044B604A1D5305900050C852 /* 无讼.app */ = {isa = PBXFileReference; explicitFileType = wrapper.application; includeInIndex = 0; path = "无讼.app"; sourceTree = BUILT_PRODUCTS_DIR; };
		044B604E1D5305900050C852 /* main.m */ = {isa = PBXFileReference; lastKnownFileType = sourcecode.c.objc; path = main.m; sourceTree = "<group>"; };
		044B60501D5305900050C852 /* AppDelegate.h */ = {isa = PBXFileReference; lastKnownFileType = sourcecode.c.h; path = AppDelegate.h; sourceTree = "<group>"; };
		044B60511D5305900050C852 /* AppDelegate.m */ = {isa = PBXFileReference; lastKnownFileType = sourcecode.c.objc; path = AppDelegate.m; sourceTree = "<group>"; };
		044B60531D5305900050C852 /* ViewController.h */ = {isa = PBXFileReference; lastKnownFileType = sourcecode.c.h; path = ViewController.h; sourceTree = "<group>"; };
		044B60541D5305900050C852 /* ViewController.m */ = {isa = PBXFileReference; lastKnownFileType = sourcecode.c.objc; path = ViewController.m; sourceTree = "<group>"; };
		044B60571D5305900050C852 /* Base */ = {isa = PBXFileReference; lastKnownFileType = file.storyboard; name = Base; path = Base.lproj/Main.storyboard; sourceTree = "<group>"; };
		044B60591D5305900050C852 /* Assets.xcassets */ = {isa = PBXFileReference; lastKnownFileType = folder.assetcatalog; path = Assets.xcassets; sourceTree = "<group>"; };
		044B605C1D5305900050C852 /* Base */ = {isa = PBXFileReference; lastKnownFileType = file.storyboard; name = Base; path = Base.lproj/LaunchScreen.storyboard; sourceTree = "<group>"; };
		044B605E1D5305900050C852 /* Info.plist */ = {isa = PBXFileReference; lastKnownFileType = text.plist.xml; path = Info.plist; sourceTree = "<group>"; };
		044B60631D5305900050C852 /* 无讼Tests.xctest */ = {isa = PBXFileReference; explicitFileType = wrapper.cfbundle; includeInIndex = 0; path = "无讼Tests.xctest"; sourceTree = BUILT_PRODUCTS_DIR; };
		044B60671D5305900050C852 /* __Tests.m */ = {isa = PBXFileReference; lastKnownFileType = sourcecode.c.objc; path = __Tests.m; sourceTree = "<group>"; };
		044B60691D5305900050C852 /* Info.plist */ = {isa = PBXFileReference; lastKnownFileType = text.plist.xml; path = Info.plist; sourceTree = "<group>"; };
		044B606E1D5305900050C852 /* 无讼UITests.xctest */ = {isa = PBXFileReference; explicitFileType = wrapper.cfbundle; includeInIndex = 0; path = "无讼UITests.xctest"; sourceTree = BUILT_PRODUCTS_DIR; };
		044B60721D5305900050C852 /* __UITests.m */ = {isa = PBXFileReference; lastKnownFileType = sourcecode.c.objc; path = __UITests.m; sourceTree = "<group>"; };
		044B60741D5305900050C852 /* Info.plist */ = {isa = PBXFileReference; lastKnownFileType = text.plist.xml; path = Info.plist; sourceTree = "<group>"; };
		044B60801D5314850050C852 /* 1.png */ = {isa = PBXFileReference; lastKnownFileType = image.png; path = 1.png; sourceTree = "<group>"; };
		044B60811D5314850050C852 /* 2.png */ = {isa = PBXFileReference; lastKnownFileType = image.png; path = 2.png; sourceTree = "<group>"; };
		044B60821D5314850050C852 /* 3.png */ = {isa = PBXFileReference; lastKnownFileType = image.png; path = 3.png; sourceTree = "<group>"; };
		044B60831D5314850050C852 /* 4.png */ = {isa = PBXFileReference; lastKnownFileType = image.png; path = 4.png; sourceTree = "<group>"; };
		044B60881D53338B0050C852 /* 5.png */ = {isa = PBXFileReference; lastKnownFileType = image.png; path = 5.png; sourceTree = "<group>"; };
		044B60891D53338B0050C852 /* 6.png */ = {isa = PBXFileReference; lastKnownFileType = image.png; path = 6.png; sourceTree = "<group>"; };
		044B608A1D53338B0050C852 /* 7.png */ = {isa = PBXFileReference; lastKnownFileType = image.png; path = 7.png; sourceTree = "<group>"; };
		044B608B1D53338B0050C852 /* 8.png */ = {isa = PBXFileReference; lastKnownFileType = image.png; path = 8.png; sourceTree = "<group>"; };
		044B608C1D53338B0050C852 /* 9.png */ = {isa = PBXFileReference; lastKnownFileType = image.png; path = 9.png; sourceTree = "<group>"; };
/* End PBXFileReference section */

/* Begin PBXFrameworksBuildPhase section */
		044B60471D5305900050C852 /* Frameworks */ = {
			isa = PBXFrameworksBuildPhase;
			buildActionMask = 2147483647;
			files = (
			);
			runOnlyForDeploymentPostprocessing = 0;
		};
		044B60601D5305900050C852 /* Frameworks */ = {
			isa = PBXFrameworksBuildPhase;
			buildActionMask = 2147483647;
			files = (
			);
			runOnlyForDeploymentPostprocessing = 0;
		};
		044B606B1D5305900050C852 /* Frameworks */ = {
			isa = PBXFrameworksBuildPhase;
			buildActionMask = 2147483647;
			files = (
			);
			runOnlyForDeploymentPostprocessing = 0;
		};
/* End PBXFrameworksBuildPhase section */

/* Begin PBXGroup section */
		044B60411D5305900050C852 = {
			isa = PBXGroup;
			children = (
				044B604C1D5305900050C852 /* 无讼 */,
				044B60661D5305900050C852 /* 无讼Tests */,
				044B60711D5305900050C852 /* 无讼UITests */,
				044B604B1D5305900050C852 /* Products */,
			);
			sourceTree = "<group>";
		};
		044B604B1D5305900050C852 /* Products */ = {
			isa = PBXGroup;
			children = (
				044B604A1D5305900050C852 /* 无讼.app */,
				044B60631D5305900050C852 /* 无讼Tests.xctest */,
				044B606E1D5305900050C852 /* 无讼UITests.xctest */,
			);
			name = Products;
			sourceTree = "<group>";
		};
		044B604C1D5305900050C852 /* 无讼 */ = {
			isa = PBXGroup;
			children = (
				044B60501D5305900050C852 /* AppDelegate.h */,
				044B60511D5305900050C852 /* AppDelegate.m */,
				044B60531D5305900050C852 /* ViewController.h */,
				044B60541D5305900050C852 /* ViewController.m */,
				044B60801D5314850050C852 /* 1.png */,
				044B60811D5314850050C852 /* 2.png */,
				044B60821D5314850050C852 /* 3.png */,
				044B60831D5314850050C852 /* 4.png */,
				044B60881D53338B0050C852 /* 5.png */,
				044B60891D53338B0050C852 /* 6.png */,
				044B608A1D53338B0050C852 /* 7.png */,
				044B608B1D53338B0050C852 /* 8.png */,
				044B608C1D53338B0050C852 /* 9.png */,
				044B60561D5305900050C852 /* Main.storyboard */,
				044B60591D5305900050C852 /* Assets.xcassets */,
				044B605B1D5305900050C852 /* LaunchScreen.storyboard */,
				044B605E1D5305900050C852 /* Info.plist */,
				044B604D1D5305900050C852 /* Supporting Files */,
			);
			path = "无讼";
			sourceTree = "<group>";
		};
		044B604D1D5305900050C852 /* Supporting Files */ = {
			isa = PBXGroup;
			children = (
				044B604E1D5305900050C852 /* main.m */,
			);
			name = "Supporting Files";
			sourceTree = "<group>";
		};
		044B60661D5305900050C852 /* 无讼Tests */ = {
			isa = PBXGroup;
			children = (
				044B60671D5305900050C852 /* __Tests.m */,
				044B60691D5305900050C852 /* Info.plist */,
			);
			path = "无讼Tests";
			sourceTree = "<group>";
		};
		044B60711D5305900050C852 /* 无讼UITests */ = {
			isa = PBXGroup;
			children = (
				044B60721D5305900050C852 /* __UITests.m */,
				044B60741D5305900050C852 /* Info.plist */,
			);
			path = "无讼UITests";
			sourceTree = "<group>";
		};
/* End PBXGroup section */

/* Begin PBXNativeTarget section */
		044B60491D5305900050C852 /* 无讼 */ = {
			isa = PBXNativeTarget;
			buildConfigurationList = 044B60771D5305900050C852 /* Build configuration list for PBXNativeTarget "无讼" */;
			buildPhases = (
				044B60461D5305900050C852 /* Sources */,
				044B60471D5305900050C852 /* Frameworks */,
				044B60481D5305900050C852 /* Resources */,
			);
			buildRules = (
			);
			dependencies = (
			);
			name = "无讼";
			productName = "无讼";
			productReference = 044B604A1D5305900050C852 /* 无讼.app */;
			productType = "com.apple.product-type.application";
		};
		044B60621D5305900050C852 /* 无讼Tests */ = {
			isa = PBXNativeTarget;
			buildConfigurationList = 044B607A1D5305900050C852 /* Build configuration list for PBXNativeTarget "无讼Tests" */;
			buildPhases = (
				044B605F1D5305900050C852 /* Sources */,
				044B60601D5305900050C852 /* Frameworks */,
				044B60611D5305900050C852 /* Resources */,
			);
			buildRules = (
			);
			dependencies = (
				044B60651D5305900050C852 /* PBXTargetDependency */,
			);
			name = "无讼Tests";
			productName = "无讼Tests";
			productReference = 044B60631D5305900050C852 /* 无讼Tests.xctest */;
			productType = "com.apple.product-type.bundle.unit-test";
		};
		044B606D1D5305900050C852 /* 无讼UITests */ = {
			isa = PBXNativeTarget;
			buildConfigurationList = 044B607D1D5305900050C852 /* Build configuration list for PBXNativeTarget "无讼UITests" */;
			buildPhases = (
				044B606A1D5305900050C852 /* Sources */,
				044B606B1D5305900050C852 /* Frameworks */,
				044B606C1D5305900050C852 /* Resources */,
			);
			buildRules = (
			);
			dependencies = (
				044B60701D5305900050C852 /* PBXTargetDependency */,
			);
			name = "无讼UITests";
			productName = "无讼UITests";
			productReference = 044B606E1D5305900050C852 /* 无讼UITests.xctest */;
			productType = "com.apple.product-type.bundle.ui-testing";
		};
/* End PBXNativeTarget section */

/* Begin PBXProject section */
		044B60421D5305900050C852 /* Project object */ = {
			isa = PBXProject;
			attributes = {
				LastUpgradeCheck = 0730;
				ORGANIZATIONNAME = mac;
				TargetAttributes = {
					044B60491D5305900050C852 = {
						CreatedOnToolsVersion = 7.3.1;
					};
					044B60621D5305900050C852 = {
						CreatedOnToolsVersion = 7.3.1;
						TestTargetID = 044B60491D5305900050C852;
					};
					044B606D1D5305900050C852 = {
						CreatedOnToolsVersion = 7.3.1;
						TestTargetID = 044B60491D5305900050C852;
					};
				};
			};
			buildConfigurationList = 044B60451D5305900050C852 /* Build configuration list for PBXProject "无讼" */;
			compatibilityVersion = "Xcode 3.2";
			developmentRegion = English;
			hasScannedForEncodings = 0;
			knownRegions = (
				en,
				Base,
			);
			mainGroup = 044B60411D5305900050C852;
			productRefGroup = 044B604B1D5305900050C852 /* Products */;
			projectDirPath = "";
			projectRoot = "";
			targets = (
				044B60491D5305900050C852 /* 无讼 */,
				044B60621D5305900050C852 /* 无讼Tests */,
				044B606D1D5305900050C852 /* 无讼UITests */,
			);
		};
/* End PBXProject section */

/* Begin PBXResourcesBuildPhase section */
		044B60481D5305900050C852 /* Resources */ = {
			isa = PBXResourcesBuildPhase;
			buildActionMask = 2147483647;
			files = (
				044B60901D53338B0050C852 /* 8.png in Resources */,
				044B605D1D5305900050C852 /* LaunchScreen.storyboard in Resources */,
				044B60871D5314850050C852 /* 4.png in Resources */,
				044B60841D5314850050C852 /* 1.png in Resources */,
				044B608E1D53338B0050C852 /* 6.png in Resources */,
				044B60851D5314850050C852 /* 2.png in Resources */,
				044B60861D5314850050C852 /* 3.png in Resources */,
				044B608D1D53338B0050C852 /* 5.png in Resources */,
				044B608F1D53338B0050C852 /* 7.png in Resources */,
				044B60911D53338B0050C852 /* 9.png in Resources */,
				044B605A1D5305900050C852 /* Assets.xcassets in Resources */,
				044B60581D5305900050C852 /* Main.storyboard in Resources */,
			);
			runOnlyForDeploymentPostprocessing = 0;
		};
		044B60611D5305900050C852 /* Resources */ = {
			isa = PBXResourcesBuildPhase;
			buildActionMask = 2147483647;
			files = (
			);
			runOnlyForDeploymentPostprocessing = 0;
		};
		044B606C1D5305900050C852 /* Resources */ = {
			isa = PBXResourcesBuildPhase;
			buildActionMask = 2147483647;
			files = (
			);
			runOnlyForDeploymentPostprocessing = 0;
		};
/* End PBXResourcesBuildPhase section */

/* Begin PBXSourcesBuildPhase section */
		044B60461D5305900050C852 /* Sources */ = {
			isa = PBXSourcesBuildPhase;
			buildActionMask = 2147483647;
			files = (
				044B60551D5305900050C852 /* ViewController.m in Sources */,
				044B60521D5305900050C852 /* AppDelegate.m in Sources */,
				044B604F1D5305900050C852 /* main.m in Sources */,
			);
			runOnlyForDeploymentPostprocessing = 0;
		};
		044B605F1D5305900050C852 /* Sources */ = {
			isa = PBXSourcesBuildPhase;
			buildActionMask = 2147483647;
			files = (
				044B60681D5305900050C852 /* __Tests.m in Sources */,
			);
			runOnlyForDeploymentPostprocessing = 0;
		};
		044B606A1D5305900050C852 /* Sources */ = {
			isa = PBXSourcesBuildPhase;
			buildActionMask = 2147483647;
			files = (
				044B60731D5305900050C852 /* __UITests.m in Sources */,
			);
			runOnlyForDeploymentPostprocessing = 0;
		};
/* End PBXSourcesBuildPhase section */

/* Begin PBXTargetDependency section */
		044B60651D5305900050C852 /* PBXTargetDependency */ = {
			isa = PBXTargetDependency;
			target = 044B60491D5305900050C852 /* 无讼 */;
			targetProxy = 044B60641D5305900050C852 /* PBXContainerItemProxy */;
		};
		044B60701D5305900050C852 /* PBXTargetDependency */ = {
			isa = PBXTargetDependency;
			target = 044B60491D5305900050C852 /* 无讼 */;
			targetProxy = 044B606F1D5305900050C852 /* PBXContainerItemProxy */;
		};
/* End PBXTargetDependency section */

/* Begin PBXVariantGroup section */
		044B60561D5305900050C852 /* Main.storyboard */ = {
			isa = PBXVariantGroup;
			children = (
				044B60571D5305900050C852 /* Base */,
			);
			name = Main.storyboard;
			sourceTree = "<group>";
		};
		044B605B1D5305900050C852 /* LaunchScreen.storyboard */ = {
			isa = PBXVariantGroup;
			children = (
				044B605C1D5305900050C852 /* Base */,
			);
			name = LaunchScreen.storyboard;
			sourceTree = "<group>";
		};
/* End PBXVariantGroup section */

/* Begin XCBuildConfiguration section */
		044B60751D5305900050C852 /* Debug */ = {
			isa = XCBuildConfiguration;
			buildSettings = {
				ALWAYS_SEARCH_USER_PATHS = NO;
				CLANG_ANALYZER_NONNULL = YES;
				CLANG_CXX_LANGUAGE_STANDARD = "gnu++0x";
				CLANG_CXX_LIBRARY = "libc++";
				CLANG_ENABLE_MODULES = YES;
				CLANG_ENABLE_OBJC_ARC = YES;
				CLANG_WARN_BOOL_CONVERSION = YES;
				CLANG_WARN_CONSTANT_CONVERSION = YES;
				CLANG_WARN_DIRECT_OBJC_ISA_USAGE = YES_ERROR;
				CLANG_WARN_EMPTY_BODY = YES;
				CLANG_WARN_ENUM_CONVERSION = YES;
				CLANG_WARN_INT_CONVERSION = YES;
				CLANG_WARN_OBJC_ROOT_CLASS = YES_ERROR;
				CLANG_WARN_UNREACHABLE_CODE = YES;
				CLANG_WARN__DUPLICATE_METHOD_MATCH = YES;
				"CODE_SIGN_IDENTITY[sdk=iphoneos*]" = "iPhone Developer";
				COPY_PHASE_STRIP = NO;
				DEBUG_INFORMATION_FORMAT = dwarf;
				ENABLE_STRICT_OBJC_MSGSEND = YES;
				ENABLE_TESTABILITY = YES;
				GCC_C_LANGUAGE_STANDARD = gnu99;
				GCC_DYNAMIC_NO_PIC = NO;
				GCC_NO_COMMON_BLOCKS = YES;
				GCC_OPTIMIZATION_LEVEL = 0;
				GCC_PREPROCESSOR_DEFINITIONS = (
					"DEBUG=1",
					"$(inherited)",
				);
				GCC_WARN_64_TO_32_BIT_CONVERSION = YES;
				GCC_WARN_ABOUT_RETURN_TYPE = YES_ERROR;
				GCC_WARN_UNDECLARED_SELECTOR = YES;
				GCC_WARN_UNINITIALIZED_AUTOS = YES_AGGRESSIVE;
				GCC_WARN_UNUSED_FUNCTION = YES;
				GCC_WARN_UNUSED_VARIABLE = YES;
				IPHONEOS_DEPLOYMENT_TARGET = 9.3;
				MTL_ENABLE_DEBUG_INFO = YES;
				ONLY_ACTIVE_ARCH = YES;
				SDKROOT = iphoneos;
				TARGETED_DEVICE_FAMILY = "1,2";
			};
			name = Debug;
		};
		044B60761D5305900050C852 /* Release */ = {
			isa = XCBuildConfiguration;
			buildSettings = {
				ALWAYS_SEARCH_USER_PATHS = NO;
				CLANG_ANALYZER_NONNULL = YES;
				CLANG_CXX_LANGUAGE_STANDARD = "gnu++0x";
				CLANG_CXX_LIBRARY = "libc++";
				CLANG_ENABLE_MODULES = YES;
				CLANG_ENABLE_OBJC_ARC = YES;
				CLANG_WARN_BOOL_CONVERSION = YES;
				CLANG_WARN_CONSTANT_CONVERSION = YES;
				CLANG_WARN_DIRECT_OBJC_ISA_USAGE = YES_ERROR;
				CLANG_WARN_EMPTY_BODY = YES;
				CLANG_WARN_ENUM_CONVERSION = YES;
				CLANG_WARN_INT_CONVERSION = YES;
				CLANG_WARN_OBJC_ROOT_CLASS = YES_ERROR;
				CLANG_WARN_UNREACHABLE_CODE = YES;
				CLANG_WARN__DUPLICATE_METHOD_MATCH = YES;
				"CODE_SIGN_IDENTITY[sdk=iphoneos*]" = "iPhone Developer";
				COPY_PHASE_STRIP = NO;
				DEBUG_INFORMATION_FORMAT = "dwarf-with-dsym";
				ENABLE_NS_ASSERTIONS = NO;
				ENABLE_STRICT_OBJC_MSGSEND = YES;
				GCC_C_LANGUAGE_STANDARD = gnu99;
				GCC_NO_COMMON_BLOCKS = YES;
				GCC_WARN_64_TO_32_BIT_CONVERSION = YES;
				GCC_WARN_ABOUT_RETURN_TYPE = YES_ERROR;
				GCC_WARN_UNDECLARED_SELECTOR = YES;
				GCC_WARN_UNINITIALIZED_AUTOS = YES_AGGRESSIVE;
				GCC_WARN_UNUSED_FUNCTION = YES;
				GCC_WARN_UNUSED_VARIABLE = YES;
				IPHONEOS_DEPLOYMENT_TARGET = 9.3;
				MTL_ENABLE_DEBUG_INFO = NO;
				SDKROOT = iphoneos;
				TARGETED_DEVICE_FAMILY = "1,2";
				VALIDATE_PRODUCT = YES;
			};
			name = Release;
		};
		044B60781D5305900050C852 /* Debug */ = {
			isa = XCBuildConfiguration;
			buildSettings = {
				ASSETCATALOG_COMPILER_APPICON_NAME = AppIcon;
				INFOPLIST_FILE = "无讼/Info.plist";
				LD_RUNPATH_SEARCH_PATHS = "$(inherited) @executable_path/Frameworks";
				PRODUCT_BUNDLE_IDENTIFIER = "boyaa.--";
				PRODUCT_NAME = "$(TARGET_NAME)";
			};
			name = Debug;
		};
		044B60791D5305900050C852 /* Release */ = {
			isa = XCBuildConfiguration;
			buildSettings = {
				ASSETCATALOG_COMPILER_APPICON_NAME = AppIcon;
				INFOPLIST_FILE = "无讼/Info.plist";
				LD_RUNPATH_SEARCH_PATHS = "$(inherited) @executable_path/Frameworks";
				PRODUCT_BUNDLE_IDENTIFIER = "boyaa.--";
				PRODUCT_NAME = "$(TARGET_NAME)";
			};
			name = Release;
		};
		044B607B1D5305900050C852 /* Debug */ = {
			isa = XCBuildConfiguration;
			buildSettings = {
				BUNDLE_LOADER = "$(TEST_HOST)";
				INFOPLIST_FILE = "无讼Tests/Info.plist";
				LD_RUNPATH_SEARCH_PATHS = "$(inherited) @executable_path/Frameworks @loader_path/Frameworks";
				PRODUCT_BUNDLE_IDENTIFIER = "boyaa.--Tests";
				PRODUCT_NAME = "$(TARGET_NAME)";
				TEST_HOST = "$(BUILT_PRODUCTS_DIR)/无讼.app/无讼";
			};
			name = Debug;
		};
		044B607C1D5305900050C852 /* Release */ = {
			isa = XCBuildConfiguration;
			buildSettings = {
				BUNDLE_LOADER = "$(TEST_HOST)";
				INFOPLIST_FILE = "无讼Tests/Info.plist";
				LD_RUNPATH_SEARCH_PATHS = "$(inherited) @executable_path/Frameworks @loader_path/Frameworks";
				PRODUCT_BUNDLE_IDENTIFIER = "boyaa.--Tests";
				PRODUCT_NAME = "$(TARGET_NAME)";
				TEST_HOST = "$(BUILT_PRODUCTS_DIR)/无讼.app/无讼";
			};
			name = Release;
		};
		044B607E1D5305900050C852 /* Debug */ = {
			isa = XCBuildConfiguration;
			buildSettings = {
				INFOPLIST_FILE = "无讼UITests/Info.plist";
				LD_RUNPATH_SEARCH_PATHS = "$(inherited) @executable_path/Frameworks @loader_path/Frameworks";
				PRODUCT_BUNDLE_IDENTIFIER = "boyaa.--UITests";
				PRODUCT_NAME = "$(TARGET_NAME)";
				TEST_TARGET_NAME = "无讼";
			};
			name = Debug;
		};
		044B607F1D5305900050C852 /* Release */ = {
			isa = XCBuildConfiguration;
			buildSettings = {
				INFOPLIST_FILE = "无讼UITests/Info.plist";
				LD_RUNPATH_SEARCH_PATHS = "$(inherited) @executable_path/Frameworks @loader_path/Frameworks";
				PRODUCT_BUNDLE_IDENTIFIER = "boyaa.--UITests";
				PRODUCT_NAME = "$(TARGET_NAME)";
				TEST_TARGET_NAME = "无讼";
			};
			name = Release;
		};
/* End XCBuildConfiguration section */

/* Begin XCConfigurationList section */
		044B60451D5305900050C852 /* Build configuration list for PBXProject "无讼" */ = {
			isa = XCConfigurationList;
			buildConfigurations = (
				044B60751D5305900050C852 /* Debug */,
				044B60761D5305900050C852 /* Release */,
			);
			defaultConfigurationIsVisible = 0;
			defaultConfigurationName = Release;
		};
		044B60771D5305900050C852 /* Build configuration list for PBXNativeTarget "无讼" */ = {
			isa = XCConfigurationList;
			buildConfigurations = (
				044B60781D5305900050C852 /* Debug */,
				044B60791D5305900050C852 /* Release */,
			);
			defaultConfigurationIsVisible = 0;
		};
		044B607A1D5305900050C852 /* Build configuration list for PBXNativeTarget "无讼Tests" */ = {
			isa = XCConfigurationList;
			buildConfigurations = (
				044B607B1D5305900050C852 /* Debug */,
				044B607C1D5305900050C852 /* Release */,
			);
			defaultConfigurationIsVisible = 0;
		};
		044B607D1D5305900050C852 /* Build configuration list for PBXNativeTarget "无讼UITests" */ = {
			isa = XCConfigurationList;
			buildConfigurations = (
				044B607E1D5305900050C852 /* Debug */,
				044B607F1D5305900050C852 /* Release */,
			);
			defaultConfigurationIsVisible = 0;
		};
/* End XCConfigurationList section */
	};
	rootObject = 044B60421D5305900050C852 /* Project object */;
}
